// !$*UTF8*$!
{
	archiveVersion = 1;
	classes = {
	};
	objectVersion = 56;
	objects = {

/* Begin PBXBuildFile section */
		521356D02A9A1D3700D8D989 /* TabBarView.swift in Sources */ = {isa = PBXBuildFile; fileRef = 521356CF2A9A1D3700D8D989 /* TabBarView.swift */; };
		521356D22A9A1D5E00D8D989 /* Tabs.swift in Sources */ = {isa = PBXBuildFile; fileRef = 521356D12A9A1D5E00D8D989 /* Tabs.swift */; };
		521356EA2A9C845D00D8D989 /* MainViewIcons.swift in Sources */ = {isa = PBXBuildFile; fileRef = 521356E92A9C845D00D8D989 /* MainViewIcons.swift */; };
		521356EC2A9C857F00D8D989 /* TitleSection.swift in Sources */ = {isa = PBXBuildFile; fileRef = 521356EB2A9C857F00D8D989 /* TitleSection.swift */; };
		521356EF2A9C8A1600D8D989 /* FavoritesSection.swift in Sources */ = {isa = PBXBuildFile; fileRef = 521356EE2A9C8A1600D8D989 /* FavoritesSection.swift */; };
		521356F12A9C8A2B00D8D989 /* FavoritesSectionCell.swift in Sources */ = {isa = PBXBuildFile; fileRef = 521356F02A9C8A2B00D8D989 /* FavoritesSectionCell.swift */; };
		521356F42A9C8F1200D8D989 /* CategoriesSection.swift in Sources */ = {isa = PBXBuildFile; fileRef = 521356F32A9C8F1200D8D989 /* CategoriesSection.swift */; };
		521356F62A9C9CB800D8D989 /* CategoriesSectionCell.swift in Sources */ = {isa = PBXBuildFile; fileRef = 521356F52A9C9CB800D8D989 /* CategoriesSectionCell.swift */; };
		521356F92A9C9D6400D8D989 /* VipSection.swift in Sources */ = {isa = PBXBuildFile; fileRef = 521356F82A9C9D6400D8D989 /* VipSection.swift */; };
		521356FB2A9C9FD700D8D989 /* VipSectionCell.swift in Sources */ = {isa = PBXBuildFile; fileRef = 521356FA2A9C9FD600D8D989 /* VipSectionCell.swift */; };
		521356FE2A9CA4D100D8D989 /* SharesSection.swift in Sources */ = {isa = PBXBuildFile; fileRef = 521356FD2A9CA4D100D8D989 /* SharesSection.swift */; };
		521357002A9CA5EB00D8D989 /* SharesSectionSell.swift in Sources */ = {isa = PBXBuildFile; fileRef = 521356FF2A9CA5EB00D8D989 /* SharesSectionSell.swift */; };
		521357032A9CB30300D8D989 /* PopularSection.swift in Sources */ = {isa = PBXBuildFile; fileRef = 521357022A9CB30300D8D989 /* PopularSection.swift */; };
		521357052A9CB36A00D8D989 /* PopularSectionCell.swift in Sources */ = {isa = PBXBuildFile; fileRef = 521357042A9CB36A00D8D989 /* PopularSectionCell.swift */; };
		521357072A9CB5D700D8D989 /* StarRating.swift in Sources */ = {isa = PBXBuildFile; fileRef = 521357062A9CB5D700D8D989 /* StarRating.swift */; };
		5213570A2A9CB95A00D8D989 /* CertificatesSection.swift in Sources */ = {isa = PBXBuildFile; fileRef = 521357092A9CB95A00D8D989 /* CertificatesSection.swift */; };
		5213570D2A9CBB9F00D8D989 /* ExamplesSection.swift in Sources */ = {isa = PBXBuildFile; fileRef = 5213570C2A9CBB9F00D8D989 /* ExamplesSection.swift */; };
		5268FABC2A9D17F9000E738A /* Model.swift in Sources */ = {isa = PBXBuildFile; fileRef = 5268FABB2A9D17F9000E738A /* Model.swift */; };
		5268FABE2A9D2007000E738A /* FavoriteModel.swift in Sources */ = {isa = PBXBuildFile; fileRef = 5268FABD2A9D2007000E738A /* FavoriteModel.swift */; };
		5268FAC02A9D202D000E738A /* CategoryModel.swift in Sources */ = {isa = PBXBuildFile; fileRef = 5268FABF2A9D202D000E738A /* CategoryModel.swift */; };
		5268FAC22A9D2051000E738A /* PopularModel.swift in Sources */ = {isa = PBXBuildFile; fileRef = 5268FAC12A9D2051000E738A /* PopularModel.swift */; };
		5268FAC42A9D2084000E738A /* CatalogModel.swift in Sources */ = {isa = PBXBuildFile; fileRef = 5268FAC32A9D2084000E738A /* CatalogModel.swift */; };
		5268FAC62A9D20CF000E738A /* SharesModel.swift in Sources */ = {isa = PBXBuildFile; fileRef = 5268FAC52A9D20CF000E738A /* SharesModel.swift */; };
		5268FAC82A9D20F4000E738A /* ListModel.swift in Sources */ = {isa = PBXBuildFile; fileRef = 5268FAC72A9D20F4000E738A /* ListModel.swift */; };
		5268FACA2A9D2121000E738A /* CurrencyModel.swift in Sources */ = {isa = PBXBuildFile; fileRef = 5268FAC92A9D2121000E738A /* CurrencyModel.swift */; };
		5268FACC2A9D213F000E738A /* ImageModel.swift in Sources */ = {isa = PBXBuildFile; fileRef = 5268FACB2A9D213F000E738A /* ImageModel.swift */; };
		5268FACE2A9D215A000E738A /* ScheduleModel.swift in Sources */ = {isa = PBXBuildFile; fileRef = 5268FACD2A9D215A000E738A /* ScheduleModel.swift */; };
		52B4DB7D2A98C19F00E97018 /* TestDikidiApp.swift in Sources */ = {isa = PBXBuildFile; fileRef = 52B4DB7C2A98C19F00E97018 /* TestDikidiApp.swift */; };
		52B4DB7F2A98C19F00E97018 /* MainView.swift in Sources */ = {isa = PBXBuildFile; fileRef = 52B4DB7E2A98C19F00E97018 /* MainView.swift */; };
		52B4DB812A98C1A000E97018 /* Assets.xcassets in Resources */ = {isa = PBXBuildFile; fileRef = 52B4DB802A98C1A000E97018 /* Assets.xcassets */; };
		52B4DB842A98C1A000E97018 /* Preview Assets.xcassets in Resources */ = {isa = PBXBuildFile; fileRef = 52B4DB832A98C1A000E97018 /* Preview Assets.xcassets */; };
		52B4DB8E2A98C1A000E97018 /* TestDikidiTests.swift in Sources */ = {isa = PBXBuildFile; fileRef = 52B4DB8D2A98C1A000E97018 /* TestDikidiTests.swift */; };
		52B4DB982A98C1A000E97018 /* TestDikidiUITests.swift in Sources */ = {isa = PBXBuildFile; fileRef = 52B4DB972A98C1A000E97018 /* TestDikidiUITests.swift */; };
		52B4DB9A2A98C1A000E97018 /* TestDikidiUITestsLaunchTests.swift in Sources */ = {isa = PBXBuildFile; fileRef = 52B4DB992A98C1A000E97018 /* TestDikidiUITestsLaunchTests.swift */; };
		52B4DBA72A98EBCB00E97018 /* LaunchScreen.storyboard in Resources */ = {isa = PBXBuildFile; fileRef = 52B4DBA62A98EBCB00E97018 /* LaunchScreen.storyboard */; };
		52B4DBAC2A98EE7100E97018 /* Router.swift in Sources */ = {isa = PBXBuildFile; fileRef = 52B4DBAB2A98EE7100E97018 /* Router.swift */; };
		52B637E62A99152E00583C36 /* ApiRequestDispatcher.swift in Sources */ = {isa = PBXBuildFile; fileRef = 52B637E52A99152E00583C36 /* ApiRequestDispatcher.swift */; };
		52B637E82A991AB700583C36 /* MainViewModel.swift in Sources */ = {isa = PBXBuildFile; fileRef = 52B637E72A991AB700583C36 /* MainViewModel.swift */; };
		52B637EA2A99CD7100583C36 /* ResponseModels.swift in Sources */ = {isa = PBXBuildFile; fileRef = 52B637E92A99CD7100583C36 /* ResponseModels.swift */; };
		52B637EC2A99E15800583C36 /* APIRequestError.swift in Sources */ = {isa = PBXBuildFile; fileRef = 52B637EB2A99E15800583C36 /* APIRequestError.swift */; };
		52B637F02A99E40400583C36 /* Token.swift in Sources */ = {isa = PBXBuildFile; fileRef = 52B637EF2A99E40400583C36 /* Token.swift */; };
/* End PBXBuildFile section */

/* Begin PBXContainerItemProxy section */
		52B4DB8A2A98C1A000E97018 /* PBXContainerItemProxy */ = {
			isa = PBXContainerItemProxy;
			containerPortal = 52B4DB712A98C19F00E97018 /* Project object */;
			proxyType = 1;
			remoteGlobalIDString = 52B4DB782A98C19F00E97018;
			remoteInfo = TestDikidi;
		};
		52B4DB942A98C1A000E97018 /* PBXContainerItemProxy */ = {
			isa = PBXContainerItemProxy;
			containerPortal = 52B4DB712A98C19F00E97018 /* Project object */;
			proxyType = 1;
			remoteGlobalIDString = 52B4DB782A98C19F00E97018;
			remoteInfo = TestDikidi;
		};
/* End PBXContainerItemProxy section */

/* Begin PBXFileReference section */
		521356CF2A9A1D3700D8D989 /* TabBarView.swift */ = {isa = PBXFileReference; lastKnownFileType = sourcecode.swift; path = TabBarView.swift; sourceTree = "<group>"; };
		521356D12A9A1D5E00D8D989 /* Tabs.swift */ = {isa = PBXFileReference; lastKnownFileType = sourcecode.swift; path = Tabs.swift; sourceTree = "<group>"; };
		521356E92A9C845D00D8D989 /* MainViewIcons.swift */ = {isa = PBXFileReference; lastKnownFileType = sourcecode.swift; path = MainViewIcons.swift; sourceTree = "<group>"; };
		521356EB2A9C857F00D8D989 /* TitleSection.swift */ = {isa = PBXFileReference; lastKnownFileType = sourcecode.swift; path = TitleSection.swift; sourceTree = "<group>"; };
		521356EE2A9C8A1600D8D989 /* FavoritesSection.swift */ = {isa = PBXFileReference; lastKnownFileType = sourcecode.swift; path = FavoritesSection.swift; sourceTree = "<group>"; };
		521356F02A9C8A2B00D8D989 /* FavoritesSectionCell.swift */ = {isa = PBXFileReference; lastKnownFileType = sourcecode.swift; path = FavoritesSectionCell.swift; sourceTree = "<group>"; };
		521356F32A9C8F1200D8D989 /* CategoriesSection.swift */ = {isa = PBXFileReference; lastKnownFileType = sourcecode.swift; path = CategoriesSection.swift; sourceTree = "<group>"; };
		521356F52A9C9CB800D8D989 /* CategoriesSectionCell.swift */ = {isa = PBXFileReference; lastKnownFileType = sourcecode.swift; path = CategoriesSectionCell.swift; sourceTree = "<group>"; };
		521356F82A9C9D6400D8D989 /* VipSection.swift */ = {isa = PBXFileReference; lastKnownFileType = sourcecode.swift; path = VipSection.swift; sourceTree = "<group>"; };
		521356FA2A9C9FD600D8D989 /* VipSectionCell.swift */ = {isa = PBXFileReference; lastKnownFileType = sourcecode.swift; path = VipSectionCell.swift; sourceTree = "<group>"; };
		521356FD2A9CA4D100D8D989 /* SharesSection.swift */ = {isa = PBXFileReference; lastKnownFileType = sourcecode.swift; path = SharesSection.swift; sourceTree = "<group>"; };
		521356FF2A9CA5EB00D8D989 /* SharesSectionSell.swift */ = {isa = PBXFileReference; lastKnownFileType = sourcecode.swift; path = SharesSectionSell.swift; sourceTree = "<group>"; };
		521357022A9CB30300D8D989 /* PopularSection.swift */ = {isa = PBXFileReference; lastKnownFileType = sourcecode.swift; path = PopularSection.swift; sourceTree = "<group>"; };
		521357042A9CB36A00D8D989 /* PopularSectionCell.swift */ = {isa = PBXFileReference; lastKnownFileType = sourcecode.swift; path = PopularSectionCell.swift; sourceTree = "<group>"; };
		521357062A9CB5D700D8D989 /* StarRating.swift */ = {isa = PBXFileReference; lastKnownFileType = sourcecode.swift; path = StarRating.swift; sourceTree = "<group>"; };
		521357092A9CB95A00D8D989 /* CertificatesSection.swift */ = {isa = PBXFileReference; lastKnownFileType = sourcecode.swift; path = CertificatesSection.swift; sourceTree = "<group>"; };
		5213570C2A9CBB9F00D8D989 /* ExamplesSection.swift */ = {isa = PBXFileReference; lastKnownFileType = sourcecode.swift; path = ExamplesSection.swift; sourceTree = "<group>"; };
		5268FABB2A9D17F9000E738A /* Model.swift */ = {isa = PBXFileReference; lastKnownFileType = sourcecode.swift; name = Model.swift; path = TestDikidi/Models/Model.swift; sourceTree = SOURCE_ROOT; };
		5268FABD2A9D2007000E738A /* FavoriteModel.swift */ = {isa = PBXFileReference; lastKnownFileType = sourcecode.swift; name = FavoriteModel.swift; path = TestDikidi/Models/FavoriteModel.swift; sourceTree = SOURCE_ROOT; };
		5268FABF2A9D202D000E738A /* CategoryModel.swift */ = {isa = PBXFileReference; lastKnownFileType = sourcecode.swift; name = CategoryModel.swift; path = TestDikidi/Models/CategoryModel.swift; sourceTree = SOURCE_ROOT; };
		5268FAC12A9D2051000E738A /* PopularModel.swift */ = {isa = PBXFileReference; lastKnownFileType = sourcecode.swift; name = PopularModel.swift; path = TestDikidi/Models/PopularModel.swift; sourceTree = SOURCE_ROOT; };
		5268FAC32A9D2084000E738A /* CatalogModel.swift */ = {isa = PBXFileReference; lastKnownFileType = sourcecode.swift; name = CatalogModel.swift; path = TestDikidi/Models/CatalogModel.swift; sourceTree = SOURCE_ROOT; };
		5268FAC52A9D20CF000E738A /* SharesModel.swift */ = {isa = PBXFileReference; lastKnownFileType = sourcecode.swift; name = SharesModel.swift; path = TestDikidi/Models/SharesModel.swift; sourceTree = SOURCE_ROOT; };
		5268FAC72A9D20F4000E738A /* ListModel.swift */ = {isa = PBXFileReference; lastKnownFileType = sourcecode.swift; name = ListModel.swift; path = TestDikidi/Models/ListModel.swift; sourceTree = SOURCE_ROOT; };
		5268FAC92A9D2121000E738A /* CurrencyModel.swift */ = {isa = PBXFileReference; lastKnownFileType = sourcecode.swift; name = CurrencyModel.swift; path = TestDikidi/Models/CurrencyModel.swift; sourceTree = SOURCE_ROOT; };
		5268FACB2A9D213F000E738A /* ImageModel.swift */ = {isa = PBXFileReference; lastKnownFileType = sourcecode.swift; name = ImageModel.swift; path = TestDikidi/Models/ImageModel.swift; sourceTree = SOURCE_ROOT; };
		5268FACD2A9D215A000E738A /* ScheduleModel.swift */ = {isa = PBXFileReference; lastKnownFileType = sourcecode.swift; name = ScheduleModel.swift; path = TestDikidi/Models/ScheduleModel.swift; sourceTree = SOURCE_ROOT; };
		52B4DB792A98C19F00E97018 /* TestDikidi.app */ = {isa = PBXFileReference; explicitFileType = wrapper.application; includeInIndex = 0; path = TestDikidi.app; sourceTree = BUILT_PRODUCTS_DIR; };
		52B4DB7C2A98C19F00E97018 /* TestDikidiApp.swift */ = {isa = PBXFileReference; lastKnownFileType = sourcecode.swift; path = TestDikidiApp.swift; sourceTree = "<group>"; };
		52B4DB7E2A98C19F00E97018 /* MainView.swift */ = {isa = PBXFileReference; lastKnownFileType = sourcecode.swift; path = MainView.swift; sourceTree = "<group>"; };
		52B4DB802A98C1A000E97018 /* Assets.xcassets */ = {isa = PBXFileReference; lastKnownFileType = folder.assetcatalog; path = Assets.xcassets; sourceTree = "<group>"; };
		52B4DB832A98C1A000E97018 /* Preview Assets.xcassets */ = {isa = PBXFileReference; lastKnownFileType = folder.assetcatalog; path = "Preview Assets.xcassets"; sourceTree = "<group>"; };
		52B4DB892A98C1A000E97018 /* TestDikidiTests.xctest */ = {isa = PBXFileReference; explicitFileType = wrapper.cfbundle; includeInIndex = 0; path = TestDikidiTests.xctest; sourceTree = BUILT_PRODUCTS_DIR; };
		52B4DB8D2A98C1A000E97018 /* TestDikidiTests.swift */ = {isa = PBXFileReference; lastKnownFileType = sourcecode.swift; path = TestDikidiTests.swift; sourceTree = "<group>"; };
		52B4DB932A98C1A000E97018 /* TestDikidiUITests.xctest */ = {isa = PBXFileReference; explicitFileType = wrapper.cfbundle; includeInIndex = 0; path = TestDikidiUITests.xctest; sourceTree = BUILT_PRODUCTS_DIR; };
		52B4DB972A98C1A000E97018 /* TestDikidiUITests.swift */ = {isa = PBXFileReference; lastKnownFileType = sourcecode.swift; path = TestDikidiUITests.swift; sourceTree = "<group>"; };
		52B4DB992A98C1A000E97018 /* TestDikidiUITestsLaunchTests.swift */ = {isa = PBXFileReference; lastKnownFileType = sourcecode.swift; path = TestDikidiUITestsLaunchTests.swift; sourceTree = "<group>"; };
		52B4DBA62A98EBCB00E97018 /* LaunchScreen.storyboard */ = {isa = PBXFileReference; lastKnownFileType = file.storyboard; path = LaunchScreen.storyboard; sourceTree = "<group>"; };
		52B4DBAB2A98EE7100E97018 /* Router.swift */ = {isa = PBXFileReference; lastKnownFileType = sourcecode.swift; path = Router.swift; sourceTree = "<group>"; };
		52B637E52A99152E00583C36 /* ApiRequestDispatcher.swift */ = {isa = PBXFileReference; lastKnownFileType = sourcecode.swift; path = ApiRequestDispatcher.swift; sourceTree = "<group>"; };
		52B637E72A991AB700583C36 /* MainViewModel.swift */ = {isa = PBXFileReference; lastKnownFileType = sourcecode.swift; path = MainViewModel.swift; sourceTree = "<group>"; };
		52B637E92A99CD7100583C36 /* ResponseModels.swift */ = {isa = PBXFileReference; lastKnownFileType = sourcecode.swift; path = ResponseModels.swift; sourceTree = "<group>"; };
		52B637EB2A99E15800583C36 /* APIRequestError.swift */ = {isa = PBXFileReference; lastKnownFileType = sourcecode.swift; path = APIRequestError.swift; sourceTree = "<group>"; };
		52B637EF2A99E40400583C36 /* Token.swift */ = {isa = PBXFileReference; lastKnownFileType = sourcecode.swift; path = Token.swift; sourceTree = "<group>"; };
/* End PBXFileReference section */

/* Begin PBXFrameworksBuildPhase section */
		52B4DB762A98C19F00E97018 /* Frameworks */ = {
			isa = PBXFrameworksBuildPhase;
			buildActionMask = 2147483647;
			files = (
			);
			runOnlyForDeploymentPostprocessing = 0;
		};
		52B4DB862A98C1A000E97018 /* Frameworks */ = {
			isa = PBXFrameworksBuildPhase;
			buildActionMask = 2147483647;
			files = (
			);
			runOnlyForDeploymentPostprocessing = 0;
		};
		52B4DB902A98C1A000E97018 /* Frameworks */ = {
			isa = PBXFrameworksBuildPhase;
			buildActionMask = 2147483647;
			files = (
			);
			runOnlyForDeploymentPostprocessing = 0;
		};
/* End PBXFrameworksBuildPhase section */

/* Begin PBXGroup section */
		521356E42A9C7FF900D8D989 /* MainGroup */ = {
			isa = PBXGroup;
			children = (
				521356E92A9C845D00D8D989 /* MainViewIcons.swift */,
				52B4DB7E2A98C19F00E97018 /* MainView.swift */,
				521356EB2A9C857F00D8D989 /* TitleSection.swift */,
				521356ED2A9C89E900D8D989 /* FavoritesSection */,
				521356F22A9C8EF700D8D989 /* CategoriesSection */,
				521356F72A9C9D4B00D8D989 /* VipSection */,
				521356FC2A9CA4BD00D8D989 /* SharesSection */,
				521357012A9CB2EC00D8D989 /* PopularSection */,
				521357082A9CB93A00D8D989 /* CertificatesSection */,
				5213570B2A9CBB5800D8D989 /* ExamplesSection */,
			);
			path = MainGroup;
			sourceTree = "<group>";
		};
		521356E82A9C827D00D8D989 /* TabBarGroup */ = {
			isa = PBXGroup;
			children = (
				521356CF2A9A1D3700D8D989 /* TabBarView.swift */,
				521356D12A9A1D5E00D8D989 /* Tabs.swift */,
			);
			path = TabBarGroup;
			sourceTree = "<group>";
		};
		521356ED2A9C89E900D8D989 /* FavoritesSection */ = {
			isa = PBXGroup;
			children = (
				521356EE2A9C8A1600D8D989 /* FavoritesSection.swift */,
				521356F02A9C8A2B00D8D989 /* FavoritesSectionCell.swift */,
			);
			path = FavoritesSection;
			sourceTree = "<group>";
		};
		521356F22A9C8EF700D8D989 /* CategoriesSection */ = {
			isa = PBXGroup;
			children = (
				521356F32A9C8F1200D8D989 /* CategoriesSection.swift */,
				521356F52A9C9CB800D8D989 /* CategoriesSectionCell.swift */,
			);
			path = CategoriesSection;
			sourceTree = "<group>";
		};
		521356F72A9C9D4B00D8D989 /* VipSection */ = {
			isa = PBXGroup;
			children = (
				521356F82A9C9D6400D8D989 /* VipSection.swift */,
				521356FA2A9C9FD600D8D989 /* VipSectionCell.swift */,
			);
			path = VipSection;
			sourceTree = "<group>";
		};
		521356FC2A9CA4BD00D8D989 /* SharesSection */ = {
			isa = PBXGroup;
			children = (
				521356FD2A9CA4D100D8D989 /* SharesSection.swift */,
				521356FF2A9CA5EB00D8D989 /* SharesSectionSell.swift */,
			);
			path = SharesSection;
			sourceTree = "<group>";
		};
		521357012A9CB2EC00D8D989 /* PopularSection */ = {
			isa = PBXGroup;
			children = (
				521357022A9CB30300D8D989 /* PopularSection.swift */,
				521357042A9CB36A00D8D989 /* PopularSectionCell.swift */,
				521357062A9CB5D700D8D989 /* StarRating.swift */,
			);
			path = PopularSection;
			sourceTree = "<group>";
		};
		521357082A9CB93A00D8D989 /* CertificatesSection */ = {
			isa = PBXGroup;
			children = (
				521357092A9CB95A00D8D989 /* CertificatesSection.swift */,
			);
			path = CertificatesSection;
			sourceTree = "<group>";
		};
		5213570B2A9CBB5800D8D989 /* ExamplesSection */ = {
			isa = PBXGroup;
			children = (
				5213570C2A9CBB9F00D8D989 /* ExamplesSection.swift */,
			);
			path = ExamplesSection;
			sourceTree = "<group>";
		};
		5268FACF2A9D21C3000E738A /* Models */ = {
			isa = PBXGroup;
			children = (
				52B637E92A99CD7100583C36 /* ResponseModels.swift */,
				5268FABB2A9D17F9000E738A /* Model.swift */,
				5268FABD2A9D2007000E738A /* FavoriteModel.swift */,
				5268FABF2A9D202D000E738A /* CategoryModel.swift */,
				5268FAC12A9D2051000E738A /* PopularModel.swift */,
				5268FAC32A9D2084000E738A /* CatalogModel.swift */,
				5268FAC52A9D20CF000E738A /* SharesModel.swift */,
				5268FAC72A9D20F4000E738A /* ListModel.swift */,
				5268FAC92A9D2121000E738A /* CurrencyModel.swift */,
				5268FACB2A9D213F000E738A /* ImageModel.swift */,
				5268FACD2A9D215A000E738A /* ScheduleModel.swift */,
			);
			path = Models;
			sourceTree = "<group>";
		};
		52B4DB702A98C19F00E97018 = {
			isa = PBXGroup;
			children = (
				52B4DB7B2A98C19F00E97018 /* TestDikidi */,
				52B4DB8C2A98C1A000E97018 /* TestDikidiTests */,
				52B4DB962A98C1A000E97018 /* TestDikidiUITests */,
				52B4DB7A2A98C19F00E97018 /* Products */,
			);
			sourceTree = "<group>";
		};
		52B4DB7A2A98C19F00E97018 /* Products */ = {
			isa = PBXGroup;
			children = (
				52B4DB792A98C19F00E97018 /* TestDikidi.app */,
				52B4DB892A98C1A000E97018 /* TestDikidiTests.xctest */,
				52B4DB932A98C1A000E97018 /* TestDikidiUITests.xctest */,
			);
			name = Products;
			sourceTree = "<group>";
		};
		52B4DB7B2A98C19F00E97018 /* TestDikidi */ = {
			isa = PBXGroup;
			children = (
				52B4DB7C2A98C19F00E97018 /* TestDikidiApp.swift */,
				52B4DBAE2A98EE9900E97018 /* Managers */,
				5268FACF2A9D21C3000E738A /* Models */,
				52B4DBAA2A98EE3000E97018 /* ViewModels */,
				52B4DBA82A98EE1300E97018 /* Views */,
				52B4DB802A98C1A000E97018 /* Assets.xcassets */,
				52B4DB822A98C1A000E97018 /* Preview Content */,
				52B4DBA62A98EBCB00E97018 /* LaunchScreen.storyboard */,
			);
			path = TestDikidi;
			sourceTree = "<group>";
		};
		52B4DB822A98C1A000E97018 /* Preview Content */ = {
			isa = PBXGroup;
			children = (
				52B4DB832A98C1A000E97018 /* Preview Assets.xcassets */,
			);
			path = "Preview Content";
			sourceTree = "<group>";
		};
		52B4DB8C2A98C1A000E97018 /* TestDikidiTests */ = {
			isa = PBXGroup;
			children = (
				52B4DB8D2A98C1A000E97018 /* TestDikidiTests.swift */,
			);
			path = TestDikidiTests;
			sourceTree = "<group>";
		};
		52B4DB962A98C1A000E97018 /* TestDikidiUITests */ = {
			isa = PBXGroup;
			children = (
				52B4DB972A98C1A000E97018 /* TestDikidiUITests.swift */,
				52B4DB992A98C1A000E97018 /* TestDikidiUITestsLaunchTests.swift */,
			);
			path = TestDikidiUITests;
			sourceTree = "<group>";
		};
		52B4DBA82A98EE1300E97018 /* Views */ = {
			isa = PBXGroup;
			children = (
				521356E82A9C827D00D8D989 /* TabBarGroup */,
				521356E42A9C7FF900D8D989 /* MainGroup */,
			);
			path = Views;
			sourceTree = "<group>";
		};
		52B4DBAA2A98EE3000E97018 /* ViewModels */ = {
			isa = PBXGroup;
			children = (
				52B637E72A991AB700583C36 /* MainViewModel.swift */,
			);
			path = ViewModels;
			sourceTree = "<group>";
		};
		52B4DBAD2A98EE8000E97018 /* NetworkingManager */ = {
			isa = PBXGroup;
			children = (
				52B637E52A99152E00583C36 /* ApiRequestDispatcher.swift */,
				52B4DBAB2A98EE7100E97018 /* Router.swift */,
				52B637EB2A99E15800583C36 /* APIRequestError.swift */,
				52B637EF2A99E40400583C36 /* Token.swift */,
			);
			path = NetworkingManager;
			sourceTree = "<group>";
		};
		52B4DBAE2A98EE9900E97018 /* Managers */ = {
			isa = PBXGroup;
			children = (
				52B4DBAD2A98EE8000E97018 /* NetworkingManager */,
			);
			path = Managers;
			sourceTree = "<group>";
		};
/* End PBXGroup section */

/* Begin PBXNativeTarget section */
		52B4DB782A98C19F00E97018 /* TestDikidi */ = {
			isa = PBXNativeTarget;
			buildConfigurationList = 52B4DB9D2A98C1A000E97018 /* Build configuration list for PBXNativeTarget "TestDikidi" */;
			buildPhases = (
				52B4DB752A98C19F00E97018 /* Sources */,
				52B4DB762A98C19F00E97018 /* Frameworks */,
				52B4DB772A98C19F00E97018 /* Resources */,
			);
			buildRules = (
			);
			dependencies = (
			);
			name = TestDikidi;
			productName = TestDikidi;
			productReference = 52B4DB792A98C19F00E97018 /* TestDikidi.app */;
			productType = "com.apple.product-type.application";
		};
		52B4DB882A98C1A000E97018 /* TestDikidiTests */ = {
			isa = PBXNativeTarget;
			buildConfigurationList = 52B4DBA02A98C1A000E97018 /* Build configuration list for PBXNativeTarget "TestDikidiTests" */;
			buildPhases = (
				52B4DB852A98C1A000E97018 /* Sources */,
				52B4DB862A98C1A000E97018 /* Frameworks */,
				52B4DB872A98C1A000E97018 /* Resources */,
			);
			buildRules = (
			);
			dependencies = (
				52B4DB8B2A98C1A000E97018 /* PBXTargetDependency */,
			);
			name = TestDikidiTests;
			productName = TestDikidiTests;
			productReference = 52B4DB892A98C1A000E97018 /* TestDikidiTests.xctest */;
			productType = "com.apple.product-type.bundle.unit-test";
		};
		52B4DB922A98C1A000E97018 /* TestDikidiUITests */ = {
			isa = PBXNativeTarget;
			buildConfigurationList = 52B4DBA32A98C1A000E97018 /* Build configuration list for PBXNativeTarget "TestDikidiUITests" */;
			buildPhases = (
				52B4DB8F2A98C1A000E97018 /* Sources */,
				52B4DB902A98C1A000E97018 /* Frameworks */,
				52B4DB912A98C1A000E97018 /* Resources */,
			);
			buildRules = (
			);
			dependencies = (
				52B4DB952A98C1A000E97018 /* PBXTargetDependency */,
			);
			name = TestDikidiUITests;
			productName = TestDikidiUITests;
			productReference = 52B4DB932A98C1A000E97018 /* TestDikidiUITests.xctest */;
			productType = "com.apple.product-type.bundle.ui-testing";
		};
/* End PBXNativeTarget section */

/* Begin PBXProject section */
		52B4DB712A98C19F00E97018 /* Project object */ = {
			isa = PBXProject;
			attributes = {
				BuildIndependentTargetsInParallel = 1;
				LastSwiftUpdateCheck = 1430;
				LastUpgradeCheck = 1430;
				TargetAttributes = {
					52B4DB782A98C19F00E97018 = {
						CreatedOnToolsVersion = 14.3.1;
					};
					52B4DB882A98C1A000E97018 = {
						CreatedOnToolsVersion = 14.3.1;
						TestTargetID = 52B4DB782A98C19F00E97018;
					};
					52B4DB922A98C1A000E97018 = {
						CreatedOnToolsVersion = 14.3.1;
						TestTargetID = 52B4DB782A98C19F00E97018;
					};
				};
			};
			buildConfigurationList = 52B4DB742A98C19F00E97018 /* Build configuration list for PBXProject "TestDikidi" */;
			compatibilityVersion = "Xcode 14.0";
			developmentRegion = en;
			hasScannedForEncodings = 0;
			knownRegions = (
				en,
				Base,
			);
			mainGroup = 52B4DB702A98C19F00E97018;
			productRefGroup = 52B4DB7A2A98C19F00E97018 /* Products */;
			projectDirPath = "";
			projectRoot = "";
			targets = (
				52B4DB782A98C19F00E97018 /* TestDikidi */,
				52B4DB882A98C1A000E97018 /* TestDikidiTests */,
				52B4DB922A98C1A000E97018 /* TestDikidiUITests */,
			);
		};
/* End PBXProject section */

/* Begin PBXResourcesBuildPhase section */
		52B4DB772A98C19F00E97018 /* Resources */ = {
			isa = PBXResourcesBuildPhase;
			buildActionMask = 2147483647;
			files = (
				52B4DBA72A98EBCB00E97018 /* LaunchScreen.storyboard in Resources */,
				52B4DB842A98C1A000E97018 /* Preview Assets.xcassets in Resources */,
				52B4DB812A98C1A000E97018 /* Assets.xcassets in Resources */,
			);
			runOnlyForDeploymentPostprocessing = 0;
		};
		52B4DB872A98C1A000E97018 /* Resources */ = {
			isa = PBXResourcesBuildPhase;
			buildActionMask = 2147483647;
			files = (
			);
			runOnlyForDeploymentPostprocessing = 0;
		};
		52B4DB912A98C1A000E97018 /* Resources */ = {
			isa = PBXResourcesBuildPhase;
			buildActionMask = 2147483647;
			files = (
			);
			runOnlyForDeploymentPostprocessing = 0;
		};
/* End PBXResourcesBuildPhase section */

/* Begin PBXSourcesBuildPhase section */
		52B4DB752A98C19F00E97018 /* Sources */ = {
			isa = PBXSourcesBuildPhase;
			buildActionMask = 2147483647;
			files = (
				52B637E82A991AB700583C36 /* MainViewModel.swift in Sources */,
				52B4DB7F2A98C19F00E97018 /* MainView.swift in Sources */,
				521357072A9CB5D700D8D989 /* StarRating.swift in Sources */,
				5268FABE2A9D2007000E738A /* FavoriteModel.swift in Sources */,
				521356D02A9A1D3700D8D989 /* TabBarView.swift in Sources */,
				521356D22A9A1D5E00D8D989 /* Tabs.swift in Sources */,
				5268FACC2A9D213F000E738A /* ImageModel.swift in Sources */,
				52B4DB7D2A98C19F00E97018 /* TestDikidiApp.swift in Sources */,
				5268FAC62A9D20CF000E738A /* SharesModel.swift in Sources */,
				5213570A2A9CB95A00D8D989 /* CertificatesSection.swift in Sources */,
				5268FAC82A9D20F4000E738A /* ListModel.swift in Sources */,
				521356FE2A9CA4D100D8D989 /* SharesSection.swift in Sources */,
				5268FACE2A9D215A000E738A /* ScheduleModel.swift in Sources */,
				521357002A9CA5EB00D8D989 /* SharesSectionSell.swift in Sources */,
				521356FB2A9C9FD700D8D989 /* VipSectionCell.swift in Sources */,
				521356F62A9C9CB800D8D989 /* CategoriesSectionCell.swift in Sources */,
				52B637EC2A99E15800583C36 /* APIRequestError.swift in Sources */,
				5213570D2A9CBB9F00D8D989 /* ExamplesSection.swift in Sources */,
				5268FACA2A9D2121000E738A /* CurrencyModel.swift in Sources */,
				521356EA2A9C845D00D8D989 /* MainViewIcons.swift in Sources */,
				5268FAC22A9D2051000E738A /* PopularModel.swift in Sources */,
				521356EF2A9C8A1600D8D989 /* FavoritesSection.swift in Sources */,
				5268FAC02A9D202D000E738A /* CategoryModel.swift in Sources */,
				52B637EA2A99CD7100583C36 /* ResponseModels.swift in Sources */,
				521357032A9CB30300D8D989 /* PopularSection.swift in Sources */,
				52B4DBAC2A98EE7100E97018 /* Router.swift in Sources */,
				52B637E62A99152E00583C36 /* ApiRequestDispatcher.swift in Sources */,
				52B637F02A99E40400583C36 /* Token.swift in Sources */,
				521356F12A9C8A2B00D8D989 /* FavoritesSectionCell.swift in Sources */,
				521356F42A9C8F1200D8D989 /* CategoriesSection.swift in Sources */,
				521356EC2A9C857F00D8D989 /* TitleSection.swift in Sources */,
				5268FAC42A9D2084000E738A /* CatalogModel.swift in Sources */,
				5268FABC2A9D17F9000E738A /* Model.swift in Sources */,
				521357052A9CB36A00D8D989 /* PopularSectionCell.swift in Sources */,
				521356F92A9C9D6400D8D989 /* VipSection.swift in Sources */,
			);
			runOnlyForDeploymentPostprocessing = 0;
		};
		52B4DB852A98C1A000E97018 /* Sources */ = {
			isa = PBXSourcesBuildPhase;
			buildActionMask = 2147483647;
			files = (
				52B4DB8E2A98C1A000E97018 /* TestDikidiTests.swift in Sources */,
			);
			runOnlyForDeploymentPostprocessing = 0;
		};
		52B4DB8F2A98C1A000E97018 /* Sources */ = {
			isa = PBXSourcesBuildPhase;
			buildActionMask = 2147483647;
			files = (
				52B4DB9A2A98C1A000E97018 /* TestDikidiUITestsLaunchTests.swift in Sources */,
				52B4DB982A98C1A000E97018 /* TestDikidiUITests.swift in Sources */,
			);
			runOnlyForDeploymentPostprocessing = 0;
		};
/* End PBXSourcesBuildPhase section */

/* Begin PBXTargetDependency section */
		52B4DB8B2A98C1A000E97018 /* PBXTargetDependency */ = {
			isa = PBXTargetDependency;
			target = 52B4DB782A98C19F00E97018 /* TestDikidi */;
			targetProxy = 52B4DB8A2A98C1A000E97018 /* PBXContainerItemProxy */;
		};
		52B4DB952A98C1A000E97018 /* PBXTargetDependency */ = {
			isa = PBXTargetDependency;
			target = 52B4DB782A98C19F00E97018 /* TestDikidi */;
			targetProxy = 52B4DB942A98C1A000E97018 /* PBXContainerItemProxy */;
		};
/* End PBXTargetDependency section */

/* Begin XCBuildConfiguration section */
		52B4DB9B2A98C1A000E97018 /* Debug */ = {
			isa = XCBuildConfiguration;
			buildSettings = {
				ALWAYS_SEARCH_USER_PATHS = NO;
				CLANG_ANALYZER_NONNULL = YES;
				CLANG_ANALYZER_NUMBER_OBJECT_CONVERSION = YES_AGGRESSIVE;
				CLANG_CXX_LANGUAGE_STANDARD = "gnu++20";
				CLANG_ENABLE_MODULES = YES;
				CLANG_ENABLE_OBJC_ARC = YES;
				CLANG_ENABLE_OBJC_WEAK = YES;
				CLANG_WARN_BLOCK_CAPTURE_AUTORELEASING = YES;
				CLANG_WARN_BOOL_CONVERSION = YES;
				CLANG_WARN_COMMA = YES;
				CLANG_WARN_CONSTANT_CONVERSION = YES;
				CLANG_WARN_DEPRECATED_OBJC_IMPLEMENTATIONS = YES;
				CLANG_WARN_DIRECT_OBJC_ISA_USAGE = YES_ERROR;
				CLANG_WARN_DOCUMENTATION_COMMENTS = YES;
				CLANG_WARN_EMPTY_BODY = YES;
				CLANG_WARN_ENUM_CONVERSION = YES;
				CLANG_WARN_INFINITE_RECURSION = YES;
				CLANG_WARN_INT_CONVERSION = YES;
				CLANG_WARN_NON_LITERAL_NULL_CONVERSION = YES;
				CLANG_WARN_OBJC_IMPLICIT_RETAIN_SELF = YES;
				CLANG_WARN_OBJC_LITERAL_CONVERSION = YES;
				CLANG_WARN_OBJC_ROOT_CLASS = YES_ERROR;
				CLANG_WARN_QUOTED_INCLUDE_IN_FRAMEWORK_HEADER = YES;
				CLANG_WARN_RANGE_LOOP_ANALYSIS = YES;
				CLANG_WARN_STRICT_PROTOTYPES = YES;
				CLANG_WARN_SUSPICIOUS_MOVE = YES;
				CLANG_WARN_UNGUARDED_AVAILABILITY = YES_AGGRESSIVE;
				CLANG_WARN_UNREACHABLE_CODE = YES;
				CLANG_WARN__DUPLICATE_METHOD_MATCH = YES;
				COPY_PHASE_STRIP = NO;
				DEBUG_INFORMATION_FORMAT = dwarf;
				ENABLE_STRICT_OBJC_MSGSEND = YES;
				ENABLE_TESTABILITY = YES;
				GCC_C_LANGUAGE_STANDARD = gnu11;
				GCC_DYNAMIC_NO_PIC = NO;
				GCC_NO_COMMON_BLOCKS = YES;
				GCC_OPTIMIZATION_LEVEL = 0;
				GCC_PREPROCESSOR_DEFINITIONS = (
					"DEBUG=1",
					"$(inherited)",
				);
				GCC_WARN_64_TO_32_BIT_CONVERSION = YES;
				GCC_WARN_ABOUT_RETURN_TYPE = YES_ERROR;
				GCC_WARN_UNDECLARED_SELECTOR = YES;
				GCC_WARN_UNINITIALIZED_AUTOS = YES_AGGRESSIVE;
				GCC_WARN_UNUSED_FUNCTION = YES;
				GCC_WARN_UNUSED_VARIABLE = YES;
				IPHONEOS_DEPLOYMENT_TARGET = 16.4;
				MTL_ENABLE_DEBUG_INFO = INCLUDE_SOURCE;
				MTL_FAST_MATH = YES;
				ONLY_ACTIVE_ARCH = YES;
				SDKROOT = iphoneos;
				SWIFT_ACTIVE_COMPILATION_CONDITIONS = DEBUG;
				SWIFT_OPTIMIZATION_LEVEL = "-Onone";
			};
			name = Debug;
		};
		52B4DB9C2A98C1A000E97018 /* Release */ = {
			isa = XCBuildConfiguration;
			buildSettings = {
				ALWAYS_SEARCH_USER_PATHS = NO;
				CLANG_ANALYZER_NONNULL = YES;
				CLANG_ANALYZER_NUMBER_OBJECT_CONVERSION = YES_AGGRESSIVE;
				CLANG_CXX_LANGUAGE_STANDARD = "gnu++20";
				CLANG_ENABLE_MODULES = YES;
				CLANG_ENABLE_OBJC_ARC = YES;
				CLANG_ENABLE_OBJC_WEAK = YES;
				CLANG_WARN_BLOCK_CAPTURE_AUTORELEASING = YES;
				CLANG_WARN_BOOL_CONVERSION = YES;
				CLANG_WARN_COMMA = YES;
				CLANG_WARN_CONSTANT_CONVERSION = YES;
				CLANG_WARN_DEPRECATED_OBJC_IMPLEMENTATIONS = YES;
				CLANG_WARN_DIRECT_OBJC_ISA_USAGE = YES_ERROR;
				CLANG_WARN_DOCUMENTATION_COMMENTS = YES;
				CLANG_WARN_EMPTY_BODY = YES;
				CLANG_WARN_ENUM_CONVERSION = YES;
				CLANG_WARN_INFINITE_RECURSION = YES;
				CLANG_WARN_INT_CONVERSION = YES;
				CLANG_WARN_NON_LITERAL_NULL_CONVERSION = YES;
				CLANG_WARN_OBJC_IMPLICIT_RETAIN_SELF = YES;
				CLANG_WARN_OBJC_LITERAL_CONVERSION = YES;
				CLANG_WARN_OBJC_ROOT_CLASS = YES_ERROR;
				CLANG_WARN_QUOTED_INCLUDE_IN_FRAMEWORK_HEADER = YES;
				CLANG_WARN_RANGE_LOOP_ANALYSIS = YES;
				CLANG_WARN_STRICT_PROTOTYPES = YES;
				CLANG_WARN_SUSPICIOUS_MOVE = YES;
				CLANG_WARN_UNGUARDED_AVAILABILITY = YES_AGGRESSIVE;
				CLANG_WARN_UNREACHABLE_CODE = YES;
				CLANG_WARN__DUPLICATE_METHOD_MATCH = YES;
				COPY_PHASE_STRIP = NO;
				DEBUG_INFORMATION_FORMAT = "dwarf-with-dsym";
				ENABLE_NS_ASSERTIONS = NO;
				ENABLE_STRICT_OBJC_MSGSEND = YES;
				GCC_C_LANGUAGE_STANDARD = gnu11;
				GCC_NO_COMMON_BLOCKS = YES;
				GCC_WARN_64_TO_32_BIT_CONVERSION = YES;
				GCC_WARN_ABOUT_RETURN_TYPE = YES_ERROR;
				GCC_WARN_UNDECLARED_SELECTOR = YES;
				GCC_WARN_UNINITIALIZED_AUTOS = YES_AGGRESSIVE;
				GCC_WARN_UNUSED_FUNCTION = YES;
				GCC_WARN_UNUSED_VARIABLE = YES;
				IPHONEOS_DEPLOYMENT_TARGET = 16.4;
				MTL_ENABLE_DEBUG_INFO = NO;
				MTL_FAST_MATH = YES;
				SDKROOT = iphoneos;
				SWIFT_COMPILATION_MODE = wholemodule;
				SWIFT_OPTIMIZATION_LEVEL = "-O";
				VALIDATE_PRODUCT = YES;
			};
			name = Release;
		};
		52B4DB9E2A98C1A000E97018 /* Debug */ = {
			isa = XCBuildConfiguration;
			buildSettings = {
				ASSETCATALOG_COMPILER_APPICON_NAME = AppIcon;
				ASSETCATALOG_COMPILER_GLOBAL_ACCENT_COLOR_NAME = AccentColor;
				CODE_SIGN_STYLE = Automatic;
				CURRENT_PROJECT_VERSION = 1;
				DEVELOPMENT_ASSET_PATHS = "\"TestDikidi/Preview Content\"";
				DEVELOPMENT_TEAM = VB8C9ZVKXH;
				ENABLE_PREVIEWS = YES;
				GENERATE_INFOPLIST_FILE = YES;
				INFOPLIST_KEY_CFBundleDisplayName = DIKIDI;
				INFOPLIST_KEY_LSApplicationCategoryType = "public.app-category.entertainment";
				INFOPLIST_KEY_UIApplicationSceneManifest_Generation = YES;
				INFOPLIST_KEY_UIApplicationSupportsIndirectInputEvents = YES;
				INFOPLIST_KEY_UILaunchScreen_Generation = YES;
				INFOPLIST_KEY_UILaunchStoryboardName = LaunchScreen.storyboard;
				INFOPLIST_KEY_UIStatusBarHidden = NO;
				INFOPLIST_KEY_UISupportedInterfaceOrientations = UIInterfaceOrientationPortrait;
				INFOPLIST_KEY_UISupportedInterfaceOrientations_iPad = "UIInterfaceOrientationLandscapeLeft UIInterfaceOrientationLandscapeRight UIInterfaceOrientationPortrait UIInterfaceOrientationPortraitUpsideDown";
				LD_RUNPATH_SEARCH_PATHS = (
					"$(inherited)",
					"@executable_path/Frameworks",
				);
				MARKETING_VERSION = 1.0;
				PRODUCT_BUNDLE_IDENTIFIER = sihtmark.TestDikidi;
				PRODUCT_NAME = "$(TARGET_NAME)";
				SUPPORTED_PLATFORMS = "iphoneos iphonesimulator";
				SUPPORTS_MACCATALYST = NO;
				SUPPORTS_MAC_DESIGNED_FOR_IPHONE_IPAD = NO;
				SWIFT_EMIT_LOC_STRINGS = YES;
				SWIFT_VERSION = 5.0;
				TARGETED_DEVICE_FAMILY = 1;
			};
			name = Debug;
		};
		52B4DB9F2A98C1A000E97018 /* Release */ = {
			isa = XCBuildConfiguration;
			buildSettings = {
				ASSETCATALOG_COMPILER_APPICON_NAME = AppIcon;
				ASSETCATALOG_COMPILER_GLOBAL_ACCENT_COLOR_NAME = AccentColor;
				CODE_SIGN_STYLE = Automatic;
				CURRENT_PROJECT_VERSION = 1;
				DEVELOPMENT_ASSET_PATHS = "\"TestDikidi/Preview Content\"";
				DEVELOPMENT_TEAM = VB8C9ZVKXH;
				ENABLE_PREVIEWS = YES;
				GENERATE_INFOPLIST_FILE = YES;
				INFOPLIST_KEY_CFBundleDisplayName = DIKIDI;
				INFOPLIST_KEY_LSApplicationCategoryType = "public.app-category.entertainment";
				INFOPLIST_KEY_UIApplicationSceneManifest_Generation = YES;
				INFOPLIST_KEY_UIApplicationSupportsIndirectInputEvents = YES;
				INFOPLIST_KEY_UILaunchScreen_Generation = YES;
				INFOPLIST_KEY_UILaunchStoryboardName = LaunchScreen.storyboard;
				INFOPLIST_KEY_UIStatusBarHidden = NO;
				INFOPLIST_KEY_UISupportedInterfaceOrientations = UIInterfaceOrientationPortrait;
				INFOPLIST_KEY_UISupportedInterfaceOrientations_iPad = "UIInterfaceOrientationLandscapeLeft UIInterfaceOrientationLandscapeRight UIInterfaceOrientationPortrait UIInterfaceOrientationPortraitUpsideDown";
				LD_RUNPATH_SEARCH_PATHS = (
					"$(inherited)",
					"@executable_path/Frameworks",
				);
				MARKETING_VERSION = 1.0;
				PRODUCT_BUNDLE_IDENTIFIER = sihtmark.TestDikidi;
				PRODUCT_NAME = "$(TARGET_NAME)";
				SUPPORTED_PLATFORMS = "iphoneos iphonesimulator";
				SUPPORTS_MACCATALYST = NO;
				SUPPORTS_MAC_DESIGNED_FOR_IPHONE_IPAD = NO;
				SWIFT_EMIT_LOC_STRINGS = YES;
				SWIFT_VERSION = 5.0;
				TARGETED_DEVICE_FAMILY = 1;
			};
			name = Release;
		};
		52B4DBA12A98C1A000E97018 /* Debug */ = {
			isa = XCBuildConfiguration;
			buildSettings = {
				ALWAYS_EMBED_SWIFT_STANDARD_LIBRARIES = YES;
				BUNDLE_LOADER = "$(TEST_HOST)";
				CODE_SIGN_STYLE = Automatic;
				CURRENT_PROJECT_VERSION = 1;
				DEVELOPMENT_TEAM = VB8C9ZVKXH;
				GENERATE_INFOPLIST_FILE = YES;
				IPHONEOS_DEPLOYMENT_TARGET = 16.4;
				MARKETING_VERSION = 1.0;
				PRODUCT_BUNDLE_IDENTIFIER = sihtmark.TestDikidiTests;
				PRODUCT_NAME = "$(TARGET_NAME)";
				SWIFT_EMIT_LOC_STRINGS = NO;
				SWIFT_VERSION = 5.0;
				TARGETED_DEVICE_FAMILY = "1,2";
				TEST_HOST = "$(BUILT_PRODUCTS_DIR)/TestDikidi.app/$(BUNDLE_EXECUTABLE_FOLDER_PATH)/TestDikidi";
			};
			name = Debug;
		};
		52B4DBA22A98C1A000E97018 /* Release */ = {
			isa = XCBuildConfiguration;
			buildSettings = {
				ALWAYS_EMBED_SWIFT_STANDARD_LIBRARIES = YES;
				BUNDLE_LOADER = "$(TEST_HOST)";
				CODE_SIGN_STYLE = Automatic;
				CURRENT_PROJECT_VERSION = 1;
				DEVELOPMENT_TEAM = VB8C9ZVKXH;
				GENERATE_INFOPLIST_FILE = YES;
				IPHONEOS_DEPLOYMENT_TARGET = 16.4;
				MARKETING_VERSION = 1.0;
				PRODUCT_BUNDLE_IDENTIFIER = sihtmark.TestDikidiTests;
				PRODUCT_NAME = "$(TARGET_NAME)";
				SWIFT_EMIT_LOC_STRINGS = NO;
				SWIFT_VERSION = 5.0;
				TARGETED_DEVICE_FAMILY = "1,2";
				TEST_HOST = "$(BUILT_PRODUCTS_DIR)/TestDikidi.app/$(BUNDLE_EXECUTABLE_FOLDER_PATH)/TestDikidi";
			};
			name = Release;
		};
		52B4DBA42A98C1A000E97018 /* Debug */ = {
			isa = XCBuildConfiguration;
			buildSettings = {
				ALWAYS_EMBED_SWIFT_STANDARD_LIBRARIES = YES;
				CODE_SIGN_STYLE = Automatic;
				CURRENT_PROJECT_VERSION = 1;
				DEVELOPMENT_TEAM = VB8C9ZVKXH;
				GENERATE_INFOPLIST_FILE = YES;
				MARKETING_VERSION = 1.0;
				PRODUCT_BUNDLE_IDENTIFIER = sihtmark.TestDikidiUITests;
				PRODUCT_NAME = "$(TARGET_NAME)";
				SWIFT_EMIT_LOC_STRINGS = NO;
				SWIFT_VERSION = 5.0;
				TARGETED_DEVICE_FAMILY = "1,2";
				TEST_TARGET_NAME = TestDikidi;
			};
			name = Debug;
		};
		52B4DBA52A98C1A000E97018 /* Release */ = {
			isa = XCBuildConfiguration;
			buildSettings = {
				ALWAYS_EMBED_SWIFT_STANDARD_LIBRARIES = YES;
				CODE_SIGN_STYLE = Automatic;
				CURRENT_PROJECT_VERSION = 1;
				DEVELOPMENT_TEAM = VB8C9ZVKXH;
				GENERATE_INFOPLIST_FILE = YES;
				MARKETING_VERSION = 1.0;
				PRODUCT_BUNDLE_IDENTIFIER = sihtmark.TestDikidiUITests;
				PRODUCT_NAME = "$(TARGET_NAME)";
				SWIFT_EMIT_LOC_STRINGS = NO;
				SWIFT_VERSION = 5.0;
				TARGETED_DEVICE_FAMILY = "1,2";
				TEST_TARGET_NAME = TestDikidi;
			};
			name = Release;
		};
/* End XCBuildConfiguration section */

/* Begin XCConfigurationList section */
		52B4DB742A98C19F00E97018 /* Build configuration list for PBXProject "TestDikidi" */ = {
			isa = XCConfigurationList;
			buildConfigurations = (
				52B4DB9B2A98C1A000E97018 /* Debug */,
				52B4DB9C2A98C1A000E97018 /* Release */,
			);
			defaultConfigurationIsVisible = 0;
			defaultConfigurationName = Release;
		};
		52B4DB9D2A98C1A000E97018 /* Build configuration list for PBXNativeTarget "TestDikidi" */ = {
			isa = XCConfigurationList;
			buildConfigurations = (
				52B4DB9E2A98C1A000E97018 /* Debug */,
				52B4DB9F2A98C1A000E97018 /* Release */,
			);
			defaultConfigurationIsVisible = 0;
			defaultConfigurationName = Release;
		};
		52B4DBA02A98C1A000E97018 /* Build configuration list for PBXNativeTarget "TestDikidiTests" */ = {
			isa = XCConfigurationList;
			buildConfigurations = (
				52B4DBA12A98C1A000E97018 /* Debug */,
				52B4DBA22A98C1A000E97018 /* Release */,
			);
			defaultConfigurationIsVisible = 0;
			defaultConfigurationName = Release;
		};
		52B4DBA32A98C1A000E97018 /* Build configuration list for PBXNativeTarget "TestDikidiUITests" */ = {
			isa = XCConfigurationList;
			buildConfigurations = (
				52B4DBA42A98C1A000E97018 /* Debug */,
				52B4DBA52A98C1A000E97018 /* Release */,
			);
			defaultConfigurationIsVisible = 0;
			defaultConfigurationName = Release;
		};
/* End XCConfigurationList section */
	};
	rootObject = 52B4DB712A98C19F00E97018 /* Project object */;
}
